
Microsoft Visual Studio Solution File, Format Version 12.00
# Visual Studio Version 17
VisualStudioVersion = 17.14.36511.14 d17.14
MinimumVisualStudioVersion = 10.0.40219.1
Project("{FAE04EC0-301F-11D3-BF4B-00C04F79EFBC}") = "Wordle", "Wordle\Wordle.csproj", "{79380EE4-65D9-4899-A499-68243010F81E}"
EndProject
Global
	GlobalSection(SolutionConfigurationPlatforms) = preSolution
		Debug|Any CPU = Debug|Any CPU
		Release|Any CPU = Release|Any CPU
	EndGlobalSection
	GlobalSection(ProjectConfigurationPlatforms) = postSolution
		{79380EE4-65D9-4899-A499-68243010F81E}.Debug|Any CPU.ActiveCfg = Debug|Any CPU
		{79380EE4-65D9-4899-A499-68243010F81E}.Debug|Any CPU.Build.0 = Debug|Any CPU
		{79380EE4-65D9-4899-A499-68243010F81E}.Release|Any CPU.ActiveCfg = Release|Any CPU
		{79380EE4-65D9-4899-A499-68243010F81E}.Release|Any CPU.Build.0 = Release|Any CPU
	EndGlobalSection
	GlobalSection(SolutionProperties) = preSolution
		HideSolutionNode = FALSE
	EndGlobalSection
	GlobalSection(ExtensibilityGlobals) = postSolution
		SolutionGuid = {054A4993-8C22-494A-8321-CF95E48DEF4E}
	EndGlobalSection
EndGlobal
